// !$*UTF8*$!
{
	archiveVersion = 1;
	classes = {
	};
	objectVersion = 50;
	objects = {

/* Begin PBXBuildFile section */
		04F6989D272D1536002557F4 /* AppDelegate.m in Sources */ = {isa = PBXBuildFile; fileRef = 04F6989C272D1536002557F4 /* AppDelegate.m */; };
		04F698A3272D1536002557F4 /* ViewController.m in Sources */ = {isa = PBXBuildFile; fileRef = 04F698A2272D1536002557F4 /* ViewController.m */; };
		04F698A8272D1537002557F4 /* Assets.xcassets in Resources */ = {isa = PBXBuildFile; fileRef = 04F698A7272D1537002557F4 /* Assets.xcassets */; };
		04F698AB272D1537002557F4 /* LaunchScreen.storyboard in Resources */ = {isa = PBXBuildFile; fileRef = 04F698A9272D1537002557F4 /* LaunchScreen.storyboard */; };
		04F698AE272D1537002557F4 /* main.m in Sources */ = {isa = PBXBuildFile; fileRef = 04F698AD272D1537002557F4 /* main.m */; };
		04F698BB272D156E002557F4 /* TableView in Resources */ = {isa = PBXBuildFile; fileRef = 04F698B4272D156E002557F4 /* TableView */; };
		04F698BC272D156E002557F4 /* CollectionView in Resources */ = {isa = PBXBuildFile; fileRef = 04F698B5272D156E002557F4 /* CollectionView */; };
		04F698BD272D156E002557F4 /* ScrollView in Resources */ = {isa = PBXBuildFile; fileRef = 04F698B6272D156E002557F4 /* ScrollView */; };
		04F698BE272D156E002557F4 /* ImageView in Resources */ = {isa = PBXBuildFile; fileRef = 04F698B7272D156E002557F4 /* ImageView */; };
		04F698BF272D156E002557F4 /* Lable in Resources */ = {isa = PBXBuildFile; fileRef = 04F698B8272D156E002557F4 /* Lable */; };
		04F698C0272D156E002557F4 /* View in Resources */ = {isa = PBXBuildFile; fileRef = 04F698B9272D156E002557F4 /* View */; };
		04F698C1272D156E002557F4 /* Button in Resources */ = {isa = PBXBuildFile; fileRef = 04F698BA272D156E002557F4 /* Button */; };
/* End PBXBuildFile section */

/* Begin PBXFileReference section */
		04F69898272D1536002557F4 /* CHUIPropertyMaker.app */ = {isa = PBXFileReference; explicitFileType = wrapper.application; includeInIndex = 0; path = CHUIPropertyMaker.app; sourceTree = BUILT_PRODUCTS_DIR; };
		04F6989B272D1536002557F4 /* AppDelegate.h */ = {isa = PBXFileReference; lastKnownFileType = sourcecode.c.h; path = AppDelegate.h; sourceTree = "<group>"; };
		04F6989C272D1536002557F4 /* AppDelegate.m */ = {isa = PBXFileReference; lastKnownFileType = sourcecode.c.objc; path = AppDelegate.m; sourceTree = "<group>"; };
		04F698A1272D1536002557F4 /* ViewController.h */ = {isa = PBXFileReference; lastKnownFileType = sourcecode.c.h; path = ViewController.h; sourceTree = "<group>"; };
		04F698A2272D1536002557F4 /* ViewController.m */ = {isa = PBXFileReference; lastKnownFileType = sourcecode.c.objc; path = ViewController.m; sourceTree = "<group>"; };
		04F698A7272D1537002557F4 /* Assets.xcassets */ = {isa = PBXFileReference; lastKnownFileType = folder.assetcatalog; path = Assets.xcassets; sourceTree = "<group>"; };
		04F698AA272D1537002557F4 /* Base */ = {isa = PBXFileReference; lastKnownFileType = file.storyboard; name = Base; path = Base.lproj/LaunchScreen.storyboard; sourceTree = "<group>"; };
		04F698AC272D1537002557F4 /* Info.plist */ = {isa = PBXFileReference; lastKnownFileType = text.plist.xml; path = Info.plist; sourceTree = "<group>"; };
		04F698AD272D1537002557F4 /* main.m */ = {isa = PBXFileReference; lastKnownFileType = sourcecode.c.objc; path = main.m; sourceTree = "<group>"; };
		04F698B4272D156E002557F4 /* TableView */ = {isa = PBXFileReference; lastKnownFileType = folder; path = TableView; sourceTree = "<group>"; };
		04F698B5272D156E002557F4 /* CollectionView */ = {isa = PBXFileReference; lastKnownFileType = folder; path = CollectionView; sourceTree = "<group>"; };
		04F698B6272D156E002557F4 /* ScrollView */ = {isa = PBXFileReference; lastKnownFileType = folder; path = ScrollView; sourceTree = "<group>"; };
		04F698B7272D156E002557F4 /* ImageView */ = {isa = PBXFileReference; lastKnownFileType = folder; path = ImageView; sourceTree = "<group>"; };
		04F698B8272D156E002557F4 /* Lable */ = {isa = PBXFileReference; lastKnownFileType = folder; path = Lable; sourceTree = "<group>"; };
		04F698B9272D156E002557F4 /* View */ = {isa = PBXFileReference; lastKnownFileType = folder; path = View; sourceTree = "<group>"; };
		04F698BA272D156E002557F4 /* Button */ = {isa = PBXFileReference; lastKnownFileType = folder; path = Button; sourceTree = "<group>"; };
/* End PBXFileReference section */

/* Begin PBXFrameworksBuildPhase section */
		04F69895272D1536002557F4 /* Frameworks */ = {
			isa = PBXFrameworksBuildPhase;
			buildActionMask = 2147483647;
			files = (
			);
			runOnlyForDeploymentPostprocessing = 0;
		};
/* End PBXFrameworksBuildPhase section */

/* Begin PBXGroup section */
		04F6988F272D1536002557F4 = {
			isa = PBXGroup;
			children = (
				04F6989A272D1536002557F4 /* CHUIPropertyMaker */,
				04F69899272D1536002557F4 /* Products */,
			);
			sourceTree = "<group>";
		};
		04F69899272D1536002557F4 /* Products */ = {
			isa = PBXGroup;
			children = (
				04F69898272D1536002557F4 /* CHUIPropertyMaker.app */,
			);
			name = Products;
			sourceTree = "<group>";
		};
		04F6989A272D1536002557F4 /* CHUIPropertyMaker */ = {
			isa = PBXGroup;
			children = (
				04F698BA272D156E002557F4 /* Button */,
				04F698B5272D156E002557F4 /* CollectionView */,
				04F698B7272D156E002557F4 /* ImageView */,
				04F698B8272D156E002557F4 /* Lable */,
				04F698B6272D156E002557F4 /* ScrollView */,
				04F698B4272D156E002557F4 /* TableView */,
				04F698B9272D156E002557F4 /* View */,
				04F6989B272D1536002557F4 /* AppDelegate.h */,
				04F6989C272D1536002557F4 /* AppDelegate.m */,
				04F698A1272D1536002557F4 /* ViewController.h */,
				04F698A2272D1536002557F4 /* ViewController.m */,
				04F698A7272D1537002557F4 /* Assets.xcassets */,
				04F698A9272D1537002557F4 /* LaunchScreen.storyboard */,
				04F698AC272D1537002557F4 /* Info.plist */,
				04F698AD272D1537002557F4 /* main.m */,
			);
			path = CHUIPropertyMaker;
			sourceTree = "<group>";
		};
/* End PBXGroup section */

/* Begin PBXNativeTarget section */
		04F69897272D1536002557F4 /* CHUIPropertyMaker */ = {
			isa = PBXNativeTarget;
			buildConfigurationList = 04F698B1272D1537002557F4 /* Build configuration list for PBXNativeTarget "CHUIPropertyMaker" */;
			buildPhases = (
				04F69894272D1536002557F4 /* Sources */,
				04F69895272D1536002557F4 /* Frameworks */,
				04F69896272D1536002557F4 /* Resources */,
			);
			buildRules = (
			);
			dependencies = (
			);
			name = CHUIPropertyMaker;
			productName = CHUIPropertyMaker;
			productReference = 04F69898272D1536002557F4 /* CHUIPropertyMaker.app */;
			productType = "com.apple.product-type.application";
		};
/* End PBXNativeTarget section */

/* Begin PBXProject section */
		04F69890272D1536002557F4 /* Project object */ = {
			isa = PBXProject;
			attributes = {
				LastUpgradeCheck = 1250;
				TargetAttributes = {
					04F69897272D1536002557F4 = {
						CreatedOnToolsVersion = 12.5;
					};
				};
			};
			buildConfigurationList = 04F69893272D1536002557F4 /* Build configuration list for PBXProject "CHUIPropertyMaker" */;
			compatibilityVersion = "Xcode 9.3";
			developmentRegion = en;
			hasScannedForEncodings = 0;
			knownRegions = (
				en,
				Base,
			);
			mainGroup = 04F6988F272D1536002557F4;
			productRefGroup = 04F69899272D1536002557F4 /* Products */;
			projectDirPath = "";
			projectRoot = "";
			targets = (
				04F69897272D1536002557F4 /* CHUIPropertyMaker */,
			);
		};
/* End PBXProject section */

/* Begin PBXResourcesBuildPhase section */
		04F69896272D1536002557F4 /* Resources */ = {
			isa = PBXResourcesBuildPhase;
			buildActionMask = 2147483647;
			files = (
				04F698C1272D156E002557F4 /* Button in Resources */,
				04F698BD272D156E002557F4 /* ScrollView in Resources */,
				04F698BC272D156E002557F4 /* CollectionView in Resources */,
				04F698BE272D156E002557F4 /* ImageView in Resources */,
				04F698BB272D156E002557F4 /* TableView in Resources */,
				04F698AB272D1537002557F4 /* LaunchScreen.storyboard in Resources */,
				04F698C0272D156E002557F4 /* View in Resources */,
				04F698BF272D156E002557F4 /* Lable in Resources */,
				04F698A8272D1537002557F4 /* Assets.xcassets in Resources */,
			);
			runOnlyForDeploymentPostprocessing = 0;
		};
/* End PBXResourcesBuildPhase section */

/* Begin PBXSourcesBuildPhase section */
		04F69894272D1536002557F4 /* Sources */ = {
			isa = PBXSourcesBuildPhase;
			buildActionMask = 2147483647;
			files = (
				04F698A3272D1536002557F4 /* ViewController.m in Sources */,
				04F6989D272D1536002557F4 /* AppDelegate.m in Sources */,
				04F698AE272D1537002557F4 /* main.m in Sources */,
			);
			runOnlyForDeploymentPostprocessing = 0;
		};
/* End PBXSourcesBuildPhase section */

/* Begin PBXVariantGroup section */
		04F698A9272D1537002557F4 /* LaunchScreen.storyboard */ = {
			isa = PBXVariantGroup;
			children = (
				04F698AA272D1537002557F4 /* Base */,
			);
			name = LaunchScreen.storyboard;
			sourceTree = "<group>";
		};
/* End PBXVariantGroup section */

/* Begin XCBuildConfiguration section */
		04F698AF272D1537002557F4 /* Debug */ = {
			isa = XCBuildConfiguration;
			buildSettings = {
				ALWAYS_SEARCH_USER_PATHS = NO;
				CLANG_ANALYZER_NONNULL = YES;
				CLANG_ANALYZER_NUMBER_OBJECT_CONVERSION = YES_AGGRESSIVE;
				CLANG_CXX_LANGUAGE_STANDARD = "gnu++14";
				CLANG_CXX_LIBRARY = "libc++";
				CLANG_ENABLE_MODULES = YES;
				CLANG_ENABLE_OBJC_ARC = YES;
				CLANG_ENABLE_OBJC_WEAK = YES;
				CLANG_WARN_BLOCK_CAPTURE_AUTORELEASING = YES;
				CLANG_WARN_BOOL_CONVERSION = YES;
				CLANG_WARN_COMMA = YES;
				CLANG_WARN_CONSTANT_CONVERSION = YES;
				CLANG_WARN_DEPRECATED_OBJC_IMPLEMENTATIONS = YES;
				CLANG_WARN_DIRECT_OBJC_ISA_USAGE = YES_ERROR;
				CLANG_WARN_DOCUMENTATION_COMMENTS = YES;
				CLANG_WARN_EMPTY_BODY = YES;
				CLANG_WARN_ENUM_CONVERSION = YES;
				CLANG_WARN_INFINITE_RECURSION = YES;
				CLANG_WARN_INT_CONVERSION = YES;
				CLANG_WARN_NON_LITERAL_NULL_CONVERSION = YES;
				CLANG_WARN_OBJC_IMPLICIT_RETAIN_SELF = YES;
				CLANG_WARN_OBJC_LITERAL_CONVERSION = YES;
				CLANG_WARN_OBJC_ROOT_CLASS = YES_ERROR;
				CLANG_WARN_QUOTED_INCLUDE_IN_FRAMEWORK_HEADER = YES;
				CLANG_WARN_RANGE_LOOP_ANALYSIS = YES;
				CLANG_WARN_STRICT_PROTOTYPES = YES;
				CLANG_WARN_SUSPICIOUS_MOVE = YES;
				CLANG_WARN_UNGUARDED_AVAILABILITY = YES_AGGRESSIVE;
				CLANG_WARN_UNREACHABLE_CODE = YES;
				CLANG_WARN__DUPLICATE_METHOD_MATCH = YES;
				COPY_PHASE_STRIP = NO;
				DEBUG_INFORMATION_FORMAT = dwarf;
				ENABLE_STRICT_OBJC_MSGSEND = YES;
				ENABLE_TESTABILITY = YES;
				GCC_C_LANGUAGE_STANDARD = gnu11;
				GCC_DYNAMIC_NO_PIC = NO;
				GCC_NO_COMMON_BLOCKS = YES;
				GCC_OPTIMIZATION_LEVEL = 0;
				GCC_PREPROCESSOR_DEFINITIONS = (
					"DEBUG=1",
					"$(inherited)",
				);
				GCC_WARN_64_TO_32_BIT_CONVERSION = YES;
				GCC_WARN_ABOUT_RETURN_TYPE = YES_ERROR;
				GCC_WARN_UNDECLARED_SELECTOR = YES;
				GCC_WARN_UNINITIALIZED_AUTOS = YES_AGGRESSIVE;
				GCC_WARN_UNUSED_FUNCTION = YES;
				GCC_WARN_UNUSED_VARIABLE = YES;
				IPHONEOS_DEPLOYMENT_TARGET = 14.5;
				MTL_ENABLE_DEBUG_INFO = INCLUDE_SOURCE;
				MTL_FAST_MATH = YES;
				ONLY_ACTIVE_ARCH = YES;
				SDKROOT = iphoneos;
			};
			name = Debug;
		};
		04F698B0272D1537002557F4 /* Release */ = {
			isa = XCBuildConfiguration;
			buildSettings = {
				ALWAYS_SEARCH_USER_PATHS = NO;
				CLANG_ANALYZER_NONNULL = YES;
				CLANG_ANALYZER_NUMBER_OBJECT_CONVERSION = YES_AGGRESSIVE;
				CLANG_CXX_LANGUAGE_STANDARD = "gnu++14";
				CLANG_CXX_LIBRARY = "libc++";
				CLANG_ENABLE_MODULES = YES;
				CLANG_ENABLE_OBJC_ARC = YES;
				CLANG_ENABLE_OBJC_WEAK = YES;
				CLANG_WARN_BLOCK_CAPTURE_AUTORELEASING = YES;
				CLANG_WARN_BOOL_CONVERSION = YES;
				CLANG_WARN_COMMA = YES;
				CLANG_WARN_CONSTANT_CONVERSION = YES;
				CLANG_WARN_DEPRECATED_OBJC_IMPLEMENTATIONS = YES;
				CLANG_WARN_DIRECT_OBJC_ISA_USAGE = YES_ERROR;
				CLANG_WARN_DOCUMENTATION_COMMENTS = YES;
				CLANG_WARN_EMPTY_BODY = YES;
				CLANG_WARN_ENUM_CONVERSION = YES;
				CLANG_WARN_INFINITE_RECURSION = YES;
				CLANG_WARN_INT_CONVERSION = YES;
				CLANG_WARN_NON_LITERAL_NULL_CONVERSION = YES;
				CLANG_WARN_OBJC_IMPLICIT_RETAIN_SELF = YES;
				CLANG_WARN_OBJC_LITERAL_CONVERSION = YES;
				CLANG_WARN_OBJC_ROOT_CLASS = YES_ERROR;
				CLANG_WARN_QUOTED_INCLUDE_IN_FRAMEWORK_HEADER = YES;
				CLANG_WARN_RANGE_LOOP_ANALYSIS = YES;
				CLANG_WARN_STRICT_PROTOTYPES = YES;
				CLANG_WARN_SUSPICIOUS_MOVE = YES;
				CLANG_WARN_UNGUARDED_AVAILABILITY = YES_AGGRESSIVE;
				CLANG_WARN_UNREACHABLE_CODE = YES;
				CLANG_WARN__DUPLICATE_METHOD_MATCH = YES;
				COPY_PHASE_STRIP = NO;
				DEBUG_INFORMATION_FORMAT = "dwarf-with-dsym";
				ENABLE_NS_ASSERTIONS = NO;
				ENABLE_STRICT_OBJC_MSGSEND = YES;
				GCC_C_LANGUAGE_STANDARD = gnu11;
				GCC_NO_COMMON_BLOCKS = YES;
				GCC_WARN_64_TO_32_BIT_CONVERSION = YES;
				GCC_WARN_ABOUT_RETURN_TYPE = YES_ERROR;
				GCC_WARN_UNDECLARED_SELECTOR = YES;
				GCC_WARN_UNINITIALIZED_AUTOS = YES_AGGRESSIVE;
				GCC_WARN_UNUSED_FUNCTION = YES;
				GCC_WARN_UNUSED_VARIABLE = YES;
				IPHONEOS_DEPLOYMENT_TARGET = 14.5;
				MTL_ENABLE_DEBUG_INFO = NO;
				MTL_FAST_MATH = YES;
				SDKROOT = iphoneos;
				VALIDATE_PRODUCT = YES;
			};
			name = Release;
		};
		04F698B2272D1537002557F4 /* Debug */ = {
			isa = XCBuildConfiguration;
			buildSettings = {
				ASSETCATALOG_COMPILER_APPICON_NAME = AppIcon;
				ASSETCATALOG_COMPILER_GLOBAL_ACCENT_COLOR_NAME = AccentColor;
				CODE_SIGN_STYLE = Automatic;
				DEVELOPMENT_TEAM = CKCK9S26WL;
				INFOPLIST_FILE = CHUIPropertyMaker/Info.plist;
				LD_RUNPATH_SEARCH_PATHS = (
					"$(inherited)",
					"@executable_path/Frameworks",
				);
				PRODUCT_BUNDLE_IDENTIFIER = com.thatisawesome.CHUIPropertyMaker;
				PRODUCT_NAME = "$(TARGET_NAME)";
				TARGETED_DEVICE_FAMILY = "1,2";
			};
			name = Debug;
		};
		04F698B3272D1537002557F4 /* Release */ = {
			isa = XCBuildConfiguration;
			buildSettings = {
				ASSETCATALOG_COMPILER_APPICON_NAME = AppIcon;
				ASSETCATALOG_COMPILER_GLOBAL_ACCENT_COLOR_NAME = AccentColor;
				CODE_SIGN_STYLE = Automatic;
				DEVELOPMENT_TEAM = CKCK9S26WL;
				INFOPLIST_FILE = CHUIPropertyMaker/Info.plist;
				LD_RUNPATH_SEARCH_PATHS = (
					"$(inherited)",
					"@executable_path/Frameworks",
				);
				PRODUCT_BUNDLE_IDENTIFIER = com.thatisawesome.CHUIPropertyMaker;
				PRODUCT_NAME = "$(TARGET_NAME)";
				TARGETED_DEVICE_FAMILY = "1,2";
			};
			name = Release;
		};
/* End XCBuildConfiguration section */

/* Begin XCConfigurationList section */
		04F69893272D1536002557F4 /* Build configuration list for PBXProject "CHUIPropertyMaker" */ = {
			isa = XCConfigurationList;
			buildConfigurations = (
				04F698AF272D1537002557F4 /* Debug */,
				04F698B0272D1537002557F4 /* Release */,
			);
			defaultConfigurationIsVisible = 0;
			defaultConfigurationName = Release;
		};
		04F698B1272D1537002557F4 /* Build configuration list for PBXNativeTarget "CHUIPropertyMaker" */ = {
			isa = XCConfigurationList;
			buildConfigurations = (
				04F698B2272D1537002557F4 /* Debug */,
				04F698B3272D1537002557F4 /* Release */,
			);
			defaultConfigurationIsVisible = 0;
			defaultConfigurationName = Release;
		};
/* End XCConfigurationList section */
	};
	rootObject = 04F69890272D1536002557F4 /* Project object */;
}
