// !$*UTF8*$!
{
	archiveVersion = 1;
	classes = {
	};
	objectVersion = 51;
	objects = {

/* Begin PBXBuildFile section */
		0477981B2731841F00A802EB /* CHCollectionViewPropertyMaker.m in Sources */ = {isa = PBXBuildFile; fileRef = 047797F52731841F00A802EB /* CHCollectionViewPropertyMaker.m */; };
		0477981C2731841F00A802EB /* UICollectionView+PropertyMaker.m in Sources */ = {isa = PBXBuildFile; fileRef = 047797F62731841F00A802EB /* UICollectionView+PropertyMaker.m */; };
		0477981D2731841F00A802EB /* CHScrollViewPropertyMaker.m in Sources */ = {isa = PBXBuildFile; fileRef = 047797FA2731841F00A802EB /* CHScrollViewPropertyMaker.m */; };
		0477981E2731841F00A802EB /* UIScrollView+PropertyMaker.m in Sources */ = {isa = PBXBuildFile; fileRef = 047797FB2731841F00A802EB /* UIScrollView+PropertyMaker.m */; };
		0477981F2731841F00A802EB /* CHViewProperty.m in Sources */ = {isa = PBXBuildFile; fileRef = 047798002731841F00A802EB /* CHViewProperty.m */; };
		047798202731841F00A802EB /* CHViewPropertyMaker.m in Sources */ = {isa = PBXBuildFile; fileRef = 047798012731841F00A802EB /* CHViewPropertyMaker.m */; };
		047798212731841F00A802EB /* UIView+PropertyMaker.m in Sources */ = {isa = PBXBuildFile; fileRef = 047798022731841F00A802EB /* UIView+PropertyMaker.m */; };
		047798222731841F00A802EB /* UITableView+PropertyMaker.m in Sources */ = {isa = PBXBuildFile; fileRef = 047798062731841F00A802EB /* UITableView+PropertyMaker.m */; };
		047798232731841F00A802EB /* CHTableViewPropertyMaker.m in Sources */ = {isa = PBXBuildFile; fileRef = 047798092731841F00A802EB /* CHTableViewPropertyMaker.m */; };
		047798242731841F00A802EB /* CHLabelPropertyMaker.m in Sources */ = {isa = PBXBuildFile; fileRef = 0477980B2731841F00A802EB /* CHLabelPropertyMaker.m */; };
		047798252731841F00A802EB /* UILabel+PropertyMaker.m in Sources */ = {isa = PBXBuildFile; fileRef = 0477980E2731841F00A802EB /* UILabel+PropertyMaker.m */; };
		047798262731841F00A802EB /* CHImageViewPropertyMaker.m in Sources */ = {isa = PBXBuildFile; fileRef = 047798122731841F00A802EB /* CHImageViewPropertyMaker.m */; };
		047798272731841F00A802EB /* UIImageView+PropertyMaker.m in Sources */ = {isa = PBXBuildFile; fileRef = 047798132731841F00A802EB /* UIImageView+PropertyMaker.m */; };
		047798282731841F00A802EB /* CHButtonPropertyMaker.m in Sources */ = {isa = PBXBuildFile; fileRef = 047798172731841F00A802EB /* CHButtonPropertyMaker.m */; };
		047798292731841F00A802EB /* CHButtonProperty.m in Sources */ = {isa = PBXBuildFile; fileRef = 047798182731841F00A802EB /* CHButtonProperty.m */; };
		0477982A2731841F00A802EB /* UIButton+PropertyMaker.m in Sources */ = {isa = PBXBuildFile; fileRef = 0477981A2731841F00A802EB /* UIButton+PropertyMaker.m */; };
		04F6989D272D1536002557F4 /* AppDelegate.m in Sources */ = {isa = PBXBuildFile; fileRef = 04F6989C272D1536002557F4 /* AppDelegate.m */; };
		04F698A3272D1536002557F4 /* ViewController.m in Sources */ = {isa = PBXBuildFile; fileRef = 04F698A2272D1536002557F4 /* ViewController.m */; };
		04F698A8272D1537002557F4 /* Assets.xcassets in Resources */ = {isa = PBXBuildFile; fileRef = 04F698A7272D1537002557F4 /* Assets.xcassets */; };
		04F698AB272D1537002557F4 /* LaunchScreen.storyboard in Resources */ = {isa = PBXBuildFile; fileRef = 04F698A9272D1537002557F4 /* LaunchScreen.storyboard */; };
		04F698AE272D1537002557F4 /* main.m in Sources */ = {isa = PBXBuildFile; fileRef = 04F698AD272D1537002557F4 /* main.m */; };
		F424968624538FCA7ADF0EC9 /* Pods_CHUIPropertyMaker.framework in Frameworks */ = {isa = PBXBuildFile; fileRef = E5B0ECFA5F5730CCA00D714C /* Pods_CHUIPropertyMaker.framework */; };
/* End PBXBuildFile section */

/* Begin PBXFileReference section */
		018D54F0B4892951CD076133 /* Pods-CHUIPropertyMaker.debug.xcconfig */ = {isa = PBXFileReference; includeInIndex = 1; lastKnownFileType = text.xcconfig; name = "Pods-CHUIPropertyMaker.debug.xcconfig"; path = "Target Support Files/Pods-CHUIPropertyMaker/Pods-CHUIPropertyMaker.debug.xcconfig"; sourceTree = "<group>"; };
		047797F52731841F00A802EB /* CHCollectionViewPropertyMaker.m */ = {isa = PBXFileReference; fileEncoding = 4; lastKnownFileType = sourcecode.c.objc; path = CHCollectionViewPropertyMaker.m; sourceTree = "<group>"; };
		047797F62731841F00A802EB /* UICollectionView+PropertyMaker.m */ = {isa = PBXFileReference; fileEncoding = 4; lastKnownFileType = sourcecode.c.objc; path = "UICollectionView+PropertyMaker.m"; sourceTree = "<group>"; };
		047797F72731841F00A802EB /* CHCollectionViewPropertyMaker.h */ = {isa = PBXFileReference; fileEncoding = 4; lastKnownFileType = sourcecode.c.h; path = CHCollectionViewPropertyMaker.h; sourceTree = "<group>"; };
		047797F82731841F00A802EB /* UICollectionView+PropertyMaker.h */ = {isa = PBXFileReference; fileEncoding = 4; lastKnownFileType = sourcecode.c.h; path = "UICollectionView+PropertyMaker.h"; sourceTree = "<group>"; };
		047797FA2731841F00A802EB /* CHScrollViewPropertyMaker.m */ = {isa = PBXFileReference; fileEncoding = 4; lastKnownFileType = sourcecode.c.objc; path = CHScrollViewPropertyMaker.m; sourceTree = "<group>"; };
		047797FB2731841F00A802EB /* UIScrollView+PropertyMaker.m */ = {isa = PBXFileReference; fileEncoding = 4; lastKnownFileType = sourcecode.c.objc; path = "UIScrollView+PropertyMaker.m"; sourceTree = "<group>"; };
		047797FC2731841F00A802EB /* CHScrollViewPropertyMaker.h */ = {isa = PBXFileReference; fileEncoding = 4; lastKnownFileType = sourcecode.c.h; path = CHScrollViewPropertyMaker.h; sourceTree = "<group>"; };
		047797FD2731841F00A802EB /* UIScrollView+PropertyMaker.h */ = {isa = PBXFileReference; fileEncoding = 4; lastKnownFileType = sourcecode.c.h; path = "UIScrollView+PropertyMaker.h"; sourceTree = "<group>"; };
		047797FF2731841F00A802EB /* UIView+PropertyMaker.h */ = {isa = PBXFileReference; fileEncoding = 4; lastKnownFileType = sourcecode.c.h; path = "UIView+PropertyMaker.h"; sourceTree = "<group>"; };
		047798002731841F00A802EB /* CHViewProperty.m */ = {isa = PBXFileReference; fileEncoding = 4; lastKnownFileType = sourcecode.c.objc; path = CHViewProperty.m; sourceTree = "<group>"; };
		047798012731841F00A802EB /* CHViewPropertyMaker.m */ = {isa = PBXFileReference; fileEncoding = 4; lastKnownFileType = sourcecode.c.objc; path = CHViewPropertyMaker.m; sourceTree = "<group>"; };
		047798022731841F00A802EB /* UIView+PropertyMaker.m */ = {isa = PBXFileReference; fileEncoding = 4; lastKnownFileType = sourcecode.c.objc; path = "UIView+PropertyMaker.m"; sourceTree = "<group>"; };
		047798032731841F00A802EB /* CHViewProperty.h */ = {isa = PBXFileReference; fileEncoding = 4; lastKnownFileType = sourcecode.c.h; path = CHViewProperty.h; sourceTree = "<group>"; };
		047798042731841F00A802EB /* CHViewPropertyMaker.h */ = {isa = PBXFileReference; fileEncoding = 4; lastKnownFileType = sourcecode.c.h; path = CHViewPropertyMaker.h; sourceTree = "<group>"; };
		047798062731841F00A802EB /* UITableView+PropertyMaker.m */ = {isa = PBXFileReference; fileEncoding = 4; lastKnownFileType = sourcecode.c.objc; path = "UITableView+PropertyMaker.m"; sourceTree = "<group>"; };
		047798072731841F00A802EB /* CHTableViewPropertyMaker.h */ = {isa = PBXFileReference; fileEncoding = 4; lastKnownFileType = sourcecode.c.h; path = CHTableViewPropertyMaker.h; sourceTree = "<group>"; };
		047798082731841F00A802EB /* UITableView+PropertyMaker.h */ = {isa = PBXFileReference; fileEncoding = 4; lastKnownFileType = sourcecode.c.h; path = "UITableView+PropertyMaker.h"; sourceTree = "<group>"; };
		047798092731841F00A802EB /* CHTableViewPropertyMaker.m */ = {isa = PBXFileReference; fileEncoding = 4; lastKnownFileType = sourcecode.c.objc; path = CHTableViewPropertyMaker.m; sourceTree = "<group>"; };
		0477980B2731841F00A802EB /* CHLabelPropertyMaker.m */ = {isa = PBXFileReference; fileEncoding = 4; lastKnownFileType = sourcecode.c.objc; path = CHLabelPropertyMaker.m; sourceTree = "<group>"; };
		0477980C2731841F00A802EB /* UILabel+PropertyMaker.h */ = {isa = PBXFileReference; fileEncoding = 4; lastKnownFileType = sourcecode.c.h; path = "UILabel+PropertyMaker.h"; sourceTree = "<group>"; };
		0477980D2731841F00A802EB /* CHLabelPropertyMaker.h */ = {isa = PBXFileReference; fileEncoding = 4; lastKnownFileType = sourcecode.c.h; path = CHLabelPropertyMaker.h; sourceTree = "<group>"; };
		0477980E2731841F00A802EB /* UILabel+PropertyMaker.m */ = {isa = PBXFileReference; fileEncoding = 4; lastKnownFileType = sourcecode.c.objc; path = "UILabel+PropertyMaker.m"; sourceTree = "<group>"; };
		047798102731841F00A802EB /* CHImageViewPropertyMaker.h */ = {isa = PBXFileReference; fileEncoding = 4; lastKnownFileType = sourcecode.c.h; path = CHImageViewPropertyMaker.h; sourceTree = "<group>"; };
		047798112731841F00A802EB /* UIImageView+PropertyMaker.h */ = {isa = PBXFileReference; fileEncoding = 4; lastKnownFileType = sourcecode.c.h; path = "UIImageView+PropertyMaker.h"; sourceTree = "<group>"; };
		047798122731841F00A802EB /* CHImageViewPropertyMaker.m */ = {isa = PBXFileReference; fileEncoding = 4; lastKnownFileType = sourcecode.c.objc; path = CHImageViewPropertyMaker.m; sourceTree = "<group>"; };
		047798132731841F00A802EB /* UIImageView+PropertyMaker.m */ = {isa = PBXFileReference; fileEncoding = 4; lastKnownFileType = sourcecode.c.objc; path = "UIImageView+PropertyMaker.m"; sourceTree = "<group>"; };
		047798152731841F00A802EB /* CHButtonProperty.h */ = {isa = PBXFileReference; fileEncoding = 4; lastKnownFileType = sourcecode.c.h; path = CHButtonProperty.h; sourceTree = "<group>"; };
		047798162731841F00A802EB /* UIButton+PropertyMaker.h */ = {isa = PBXFileReference; fileEncoding = 4; lastKnownFileType = sourcecode.c.h; path = "UIButton+PropertyMaker.h"; sourceTree = "<group>"; };
		047798172731841F00A802EB /* CHButtonPropertyMaker.m */ = {isa = PBXFileReference; fileEncoding = 4; lastKnownFileType = sourcecode.c.objc; path = CHButtonPropertyMaker.m; sourceTree = "<group>"; };
		047798182731841F00A802EB /* CHButtonProperty.m */ = {isa = PBXFileReference; fileEncoding = 4; lastKnownFileType = sourcecode.c.objc; path = CHButtonProperty.m; sourceTree = "<group>"; };
		047798192731841F00A802EB /* CHButtonPropertyMaker.h */ = {isa = PBXFileReference; fileEncoding = 4; lastKnownFileType = sourcecode.c.h; path = CHButtonPropertyMaker.h; sourceTree = "<group>"; };
		0477981A2731841F00A802EB /* UIButton+PropertyMaker.m */ = {isa = PBXFileReference; fileEncoding = 4; lastKnownFileType = sourcecode.c.objc; path = "UIButton+PropertyMaker.m"; sourceTree = "<group>"; };
		04F69898272D1536002557F4 /* CHUIPropertyMaker.app */ = {isa = PBXFileReference; explicitFileType = wrapper.application; includeInIndex = 0; path = CHUIPropertyMaker.app; sourceTree = BUILT_PRODUCTS_DIR; };
		04F6989B272D1536002557F4 /* AppDelegate.h */ = {isa = PBXFileReference; lastKnownFileType = sourcecode.c.h; path = AppDelegate.h; sourceTree = "<group>"; };
		04F6989C272D1536002557F4 /* AppDelegate.m */ = {isa = PBXFileReference; lastKnownFileType = sourcecode.c.objc; path = AppDelegate.m; sourceTree = "<group>"; };
		04F698A1272D1536002557F4 /* ViewController.h */ = {isa = PBXFileReference; lastKnownFileType = sourcecode.c.h; path = ViewController.h; sourceTree = "<group>"; };
		04F698A2272D1536002557F4 /* ViewController.m */ = {isa = PBXFileReference; lastKnownFileType = sourcecode.c.objc; path = ViewController.m; sourceTree = "<group>"; };
		04F698A7272D1537002557F4 /* Assets.xcassets */ = {isa = PBXFileReference; lastKnownFileType = folder.assetcatalog; path = Assets.xcassets; sourceTree = "<group>"; };
		04F698AA272D1537002557F4 /* Base */ = {isa = PBXFileReference; lastKnownFileType = file.storyboard; name = Base; path = Base.lproj/LaunchScreen.storyboard; sourceTree = "<group>"; };
		04F698AC272D1537002557F4 /* Info.plist */ = {isa = PBXFileReference; lastKnownFileType = text.plist.xml; path = Info.plist; sourceTree = "<group>"; };
		04F698AD272D1537002557F4 /* main.m */ = {isa = PBXFileReference; lastKnownFileType = sourcecode.c.objc; path = main.m; sourceTree = "<group>"; };
		76C7F26CF76D6F5D6E7A3897 /* Pods-CHUIPropertyMaker.release.xcconfig */ = {isa = PBXFileReference; includeInIndex = 1; lastKnownFileType = text.xcconfig; name = "Pods-CHUIPropertyMaker.release.xcconfig"; path = "Target Support Files/Pods-CHUIPropertyMaker/Pods-CHUIPropertyMaker.release.xcconfig"; sourceTree = "<group>"; };
		E5B0ECFA5F5730CCA00D714C /* Pods_CHUIPropertyMaker.framework */ = {isa = PBXFileReference; explicitFileType = wrapper.framework; includeInIndex = 0; path = Pods_CHUIPropertyMaker.framework; sourceTree = BUILT_PRODUCTS_DIR; };
/* End PBXFileReference section */

/* Begin PBXFrameworksBuildPhase section */
		04F69895272D1536002557F4 /* Frameworks */ = {
			isa = PBXFrameworksBuildPhase;
			buildActionMask = 2147483647;
			files = (
				F424968624538FCA7ADF0EC9 /* Pods_CHUIPropertyMaker.framework in Frameworks */,
			);
			runOnlyForDeploymentPostprocessing = 0;
		};
/* End PBXFrameworksBuildPhase section */

/* Begin PBXGroup section */
		047797F42731841F00A802EB /* CollectionView */ = {
			isa = PBXGroup;
			children = (
				047797F52731841F00A802EB /* CHCollectionViewPropertyMaker.m */,
				047797F62731841F00A802EB /* UICollectionView+PropertyMaker.m */,
				047797F72731841F00A802EB /* CHCollectionViewPropertyMaker.h */,
				047797F82731841F00A802EB /* UICollectionView+PropertyMaker.h */,
			);
			path = CollectionView;
			sourceTree = "<group>";
		};
		047797F92731841F00A802EB /* ScrollView */ = {
			isa = PBXGroup;
			children = (
				047797FA2731841F00A802EB /* CHScrollViewPropertyMaker.m */,
				047797FB2731841F00A802EB /* UIScrollView+PropertyMaker.m */,
				047797FC2731841F00A802EB /* CHScrollViewPropertyMaker.h */,
				047797FD2731841F00A802EB /* UIScrollView+PropertyMaker.h */,
			);
			path = ScrollView;
			sourceTree = "<group>";
		};
		047797FE2731841F00A802EB /* View */ = {
			isa = PBXGroup;
			children = (
				047798032731841F00A802EB /* CHViewProperty.h */,
				047798002731841F00A802EB /* CHViewProperty.m */,
				047798042731841F00A802EB /* CHViewPropertyMaker.h */,
				047798012731841F00A802EB /* CHViewPropertyMaker.m */,
				047797FF2731841F00A802EB /* UIView+PropertyMaker.h */,
				047798022731841F00A802EB /* UIView+PropertyMaker.m */,
			);
			path = View;
			sourceTree = "<group>";
		};
		047798052731841F00A802EB /* TableView */ = {
			isa = PBXGroup;
			children = (
				047798062731841F00A802EB /* UITableView+PropertyMaker.m */,
				047798072731841F00A802EB /* CHTableViewPropertyMaker.h */,
				047798082731841F00A802EB /* UITableView+PropertyMaker.h */,
				047798092731841F00A802EB /* CHTableViewPropertyMaker.m */,
			);
			path = TableView;
			sourceTree = "<group>";
		};
		0477980A2731841F00A802EB /* Lable */ = {
			isa = PBXGroup;
			children = (
				0477980D2731841F00A802EB /* CHLabelPropertyMaker.h */,
				0477980B2731841F00A802EB /* CHLabelPropertyMaker.m */,
				0477980C2731841F00A802EB /* UILabel+PropertyMaker.h */,
				0477980E2731841F00A802EB /* UILabel+PropertyMaker.m */,
			);
			path = Lable;
			sourceTree = "<group>";
		};
		0477980F2731841F00A802EB /* ImageView */ = {
			isa = PBXGroup;
			children = (
				047798102731841F00A802EB /* CHImageViewPropertyMaker.h */,
				047798112731841F00A802EB /* UIImageView+PropertyMaker.h */,
				047798122731841F00A802EB /* CHImageViewPropertyMaker.m */,
				047798132731841F00A802EB /* UIImageView+PropertyMaker.m */,
			);
			path = ImageView;
			sourceTree = "<group>";
		};
		047798142731841F00A802EB /* Button */ = {
			isa = PBXGroup;
			children = (
				047798152731841F00A802EB /* CHButtonProperty.h */,
				047798182731841F00A802EB /* CHButtonProperty.m */,
				047798162731841F00A802EB /* UIButton+PropertyMaker.h */,
				047798172731841F00A802EB /* CHButtonPropertyMaker.m */,
				047798192731841F00A802EB /* CHButtonPropertyMaker.h */,
				0477981A2731841F00A802EB /* UIButton+PropertyMaker.m */,
			);
			path = Button;
			sourceTree = "<group>";
		};
		04F6988F272D1536002557F4 = {
			isa = PBXGroup;
			children = (
				04F6989A272D1536002557F4 /* CHUIPropertyMaker */,
				04F69899272D1536002557F4 /* Products */,
				2CC6582F0759FA2F8F6E4637 /* Pods */,
				9B346432253F92B104E05DDC /* Frameworks */,
			);
			sourceTree = "<group>";
		};
		04F69899272D1536002557F4 /* Products */ = {
			isa = PBXGroup;
			children = (
				04F69898272D1536002557F4 /* CHUIPropertyMaker.app */,
			);
			name = Products;
			sourceTree = "<group>";
		};
		04F6989A272D1536002557F4 /* CHUIPropertyMaker */ = {
			isa = PBXGroup;
			children = (
				047798142731841F00A802EB /* Button */,
				047797F42731841F00A802EB /* CollectionView */,
				0477980F2731841F00A802EB /* ImageView */,
				0477980A2731841F00A802EB /* Lable */,
				047797F92731841F00A802EB /* ScrollView */,
				047798052731841F00A802EB /* TableView */,
				047797FE2731841F00A802EB /* View */,
				04F6989B272D1536002557F4 /* AppDelegate.h */,
				04F6989C272D1536002557F4 /* AppDelegate.m */,
				04F698A1272D1536002557F4 /* ViewController.h */,
				04F698A2272D1536002557F4 /* ViewController.m */,
				04F698A7272D1537002557F4 /* Assets.xcassets */,
				04F698A9272D1537002557F4 /* LaunchScreen.storyboard */,
				04F698AC272D1537002557F4 /* Info.plist */,
				04F698AD272D1537002557F4 /* main.m */,
			);
			path = CHUIPropertyMaker;
			sourceTree = "<group>";
		};
		2CC6582F0759FA2F8F6E4637 /* Pods */ = {
			isa = PBXGroup;
			children = (
				018D54F0B4892951CD076133 /* Pods-CHUIPropertyMaker.debug.xcconfig */,
				76C7F26CF76D6F5D6E7A3897 /* Pods-CHUIPropertyMaker.release.xcconfig */,
			);
			path = Pods;
			sourceTree = "<group>";
		};
		9B346432253F92B104E05DDC /* Frameworks */ = {
			isa = PBXGroup;
			children = (
				E5B0ECFA5F5730CCA00D714C /* Pods_CHUIPropertyMaker.framework */,
			);
			name = Frameworks;
			sourceTree = "<group>";
		};
/* End PBXGroup section */

/* Begin PBXNativeTarget section */
		04F69897272D1536002557F4 /* CHUIPropertyMaker */ = {
			isa = PBXNativeTarget;
			buildConfigurationList = 04F698B1272D1537002557F4 /* Build configuration list for PBXNativeTarget "CHUIPropertyMaker" */;
			buildPhases = (
				931CA2C50764307DB91675C6 /* [CP] Check Pods Manifest.lock */,
				04F69894272D1536002557F4 /* Sources */,
				04F69895272D1536002557F4 /* Frameworks */,
				04F69896272D1536002557F4 /* Resources */,
				F37578F644C552B92A19BAC4 /* [CP] Embed Pods Frameworks */,
			);
			buildRules = (
			);
			dependencies = (
			);
			name = CHUIPropertyMaker;
			productName = CHUIPropertyMaker;
			productReference = 04F69898272D1536002557F4 /* CHUIPropertyMaker.app */;
			productType = "com.apple.product-type.application";
		};
/* End PBXNativeTarget section */

/* Begin PBXProject section */
		04F69890272D1536002557F4 /* Project object */ = {
			isa = PBXProject;
			attributes = {
				LastUpgradeCheck = 1250;
				TargetAttributes = {
					04F69897272D1536002557F4 = {
						CreatedOnToolsVersion = 12.5;
					};
				};
			};
			buildConfigurationList = 04F69893272D1536002557F4 /* Build configuration list for PBXProject "CHUIPropertyMaker" */;
			compatibilityVersion = "Xcode 9.3";
			developmentRegion = en;
			hasScannedForEncodings = 0;
			knownRegions = (
				en,
				Base,
			);
			mainGroup = 04F6988F272D1536002557F4;
			productRefGroup = 04F69899272D1536002557F4 /* Products */;
			projectDirPath = "";
			projectRoot = "";
			targets = (
				04F69897272D1536002557F4 /* CHUIPropertyMaker */,
			);
		};
/* End PBXProject section */

/* Begin PBXResourcesBuildPhase section */
		04F69896272D1536002557F4 /* Resources */ = {
			isa = PBXResourcesBuildPhase;
			buildActionMask = 2147483647;
			files = (
				04F698AB272D1537002557F4 /* LaunchScreen.storyboard in Resources */,
				04F698A8272D1537002557F4 /* Assets.xcassets in Resources */,
			);
			runOnlyForDeploymentPostprocessing = 0;
		};
/* End PBXResourcesBuildPhase section */

/* Begin PBXShellScriptBuildPhase section */
		931CA2C50764307DB91675C6 /* [CP] Check Pods Manifest.lock */ = {
			isa = PBXShellScriptBuildPhase;
			buildActionMask = 2147483647;
			files = (
			);
			inputFileListPaths = (
			);
			inputPaths = (
				"${PODS_PODFILE_DIR_PATH}/Podfile.lock",
				"${PODS_ROOT}/Manifest.lock",
			);
			name = "[CP] Check Pods Manifest.lock";
			outputFileListPaths = (
			);
			outputPaths = (
				"$(DERIVED_FILE_DIR)/Pods-CHUIPropertyMaker-checkManifestLockResult.txt",
			);
			runOnlyForDeploymentPostprocessing = 0;
			shellPath = /bin/sh;
			shellScript = "diff \"${PODS_PODFILE_DIR_PATH}/Podfile.lock\" \"${PODS_ROOT}/Manifest.lock\" > /dev/null\nif [ $? != 0 ] ; then\n    # print error to STDERR\n    echo \"error: The sandbox is not in sync with the Podfile.lock. Run 'pod install' or update your CocoaPods installation.\" >&2\n    exit 1\nfi\n# This output is used by Xcode 'outputs' to avoid re-running this script phase.\necho \"SUCCESS\" > \"${SCRIPT_OUTPUT_FILE_0}\"\n";
			showEnvVarsInLog = 0;
		};
		F37578F644C552B92A19BAC4 /* [CP] Embed Pods Frameworks */ = {
			isa = PBXShellScriptBuildPhase;
			buildActionMask = 2147483647;
			files = (
			);
			inputFileListPaths = (
				"${PODS_ROOT}/Target Support Files/Pods-CHUIPropertyMaker/Pods-CHUIPropertyMaker-frameworks-${CONFIGURATION}-input-files.xcfilelist",
			);
			name = "[CP] Embed Pods Frameworks";
			outputFileListPaths = (
				"${PODS_ROOT}/Target Support Files/Pods-CHUIPropertyMaker/Pods-CHUIPropertyMaker-frameworks-${CONFIGURATION}-output-files.xcfilelist",
			);
			runOnlyForDeploymentPostprocessing = 0;
			shellPath = /bin/sh;
			shellScript = "\"${PODS_ROOT}/Target Support Files/Pods-CHUIPropertyMaker/Pods-CHUIPropertyMaker-frameworks.sh\"\n";
			showEnvVarsInLog = 0;
		};
/* End PBXShellScriptBuildPhase section */

/* Begin PBXSourcesBuildPhase section */
		04F69894272D1536002557F4 /* Sources */ = {
			isa = PBXSourcesBuildPhase;
			buildActionMask = 2147483647;
			files = (
				047798222731841F00A802EB /* UITableView+PropertyMaker.m in Sources */,
				047798292731841F00A802EB /* CHButtonProperty.m in Sources */,
				047798212731841F00A802EB /* UIView+PropertyMaker.m in Sources */,
				047798272731841F00A802EB /* UIImageView+PropertyMaker.m in Sources */,
				04F698A3272D1536002557F4 /* ViewController.m in Sources */,
				0477981B2731841F00A802EB /* CHCollectionViewPropertyMaker.m in Sources */,
				0477982A2731841F00A802EB /* UIButton+PropertyMaker.m in Sources */,
				047798232731841F00A802EB /* CHTableViewPropertyMaker.m in Sources */,
				04F6989D272D1536002557F4 /* AppDelegate.m in Sources */,
				04F698AE272D1537002557F4 /* main.m in Sources */,
				047798262731841F00A802EB /* CHImageViewPropertyMaker.m in Sources */,
				0477981E2731841F00A802EB /* UIScrollView+PropertyMaker.m in Sources */,
				047798242731841F00A802EB /* CHLabelPropertyMaker.m in Sources */,
				047798202731841F00A802EB /* CHViewPropertyMaker.m in Sources */,
				047798252731841F00A802EB /* UILabel+PropertyMaker.m in Sources */,
				0477981D2731841F00A802EB /* CHScrollViewPropertyMaker.m in Sources */,
				047798282731841F00A802EB /* CHButtonPropertyMaker.m in Sources */,
				0477981F2731841F00A802EB /* CHViewProperty.m in Sources */,
				0477981C2731841F00A802EB /* UICollectionView+PropertyMaker.m in Sources */,
			);
			runOnlyForDeploymentPostprocessing = 0;
		};
/* End PBXSourcesBuildPhase section */

/* Begin PBXVariantGroup section */
		04F698A9272D1537002557F4 /* LaunchScreen.storyboard */ = {
			isa = PBXVariantGroup;
			children = (
				04F698AA272D1537002557F4 /* Base */,
			);
			name = LaunchScreen.storyboard;
			sourceTree = "<group>";
		};
/* End PBXVariantGroup section */

/* Begin XCBuildConfiguration section */
		04F698AF272D1537002557F4 /* Debug */ = {
			isa = XCBuildConfiguration;
			buildSettings = {
				ALWAYS_SEARCH_USER_PATHS = NO;
				CLANG_ANALYZER_NONNULL = YES;
				CLANG_ANALYZER_NUMBER_OBJECT_CONVERSION = YES_AGGRESSIVE;
				CLANG_CXX_LANGUAGE_STANDARD = "gnu++14";
				CLANG_CXX_LIBRARY = "libc++";
				CLANG_ENABLE_MODULES = YES;
				CLANG_ENABLE_OBJC_ARC = YES;
				CLANG_ENABLE_OBJC_WEAK = YES;
				CLANG_WARN_BLOCK_CAPTURE_AUTORELEASING = YES;
				CLANG_WARN_BOOL_CONVERSION = YES;
				CLANG_WARN_COMMA = YES;
				CLANG_WARN_CONSTANT_CONVERSION = YES;
				CLANG_WARN_DEPRECATED_OBJC_IMPLEMENTATIONS = YES;
				CLANG_WARN_DIRECT_OBJC_ISA_USAGE = YES_ERROR;
				CLANG_WARN_DOCUMENTATION_COMMENTS = YES;
				CLANG_WARN_EMPTY_BODY = YES;
				CLANG_WARN_ENUM_CONVERSION = YES;
				CLANG_WARN_INFINITE_RECURSION = YES;
				CLANG_WARN_INT_CONVERSION = YES;
				CLANG_WARN_NON_LITERAL_NULL_CONVERSION = YES;
				CLANG_WARN_OBJC_IMPLICIT_RETAIN_SELF = YES;
				CLANG_WARN_OBJC_LITERAL_CONVERSION = YES;
				CLANG_WARN_OBJC_ROOT_CLASS = YES_ERROR;
				CLANG_WARN_QUOTED_INCLUDE_IN_FRAMEWORK_HEADER = YES;
				CLANG_WARN_RANGE_LOOP_ANALYSIS = YES;
				CLANG_WARN_STRICT_PROTOTYPES = YES;
				CLANG_WARN_SUSPICIOUS_MOVE = YES;
				CLANG_WARN_UNGUARDED_AVAILABILITY = YES_AGGRESSIVE;
				CLANG_WARN_UNREACHABLE_CODE = YES;
				CLANG_WARN__DUPLICATE_METHOD_MATCH = YES;
				COPY_PHASE_STRIP = NO;
				DEBUG_INFORMATION_FORMAT = dwarf;
				ENABLE_STRICT_OBJC_MSGSEND = YES;
				ENABLE_TESTABILITY = YES;
				GCC_C_LANGUAGE_STANDARD = gnu11;
				GCC_DYNAMIC_NO_PIC = NO;
				GCC_NO_COMMON_BLOCKS = YES;
				GCC_OPTIMIZATION_LEVEL = 0;
				GCC_PREPROCESSOR_DEFINITIONS = (
					"DEBUG=1",
					"$(inherited)",
				);
				GCC_WARN_64_TO_32_BIT_CONVERSION = YES;
				GCC_WARN_ABOUT_RETURN_TYPE = YES_ERROR;
				GCC_WARN_UNDECLARED_SELECTOR = YES;
				GCC_WARN_UNINITIALIZED_AUTOS = YES_AGGRESSIVE;
				GCC_WARN_UNUSED_FUNCTION = YES;
				GCC_WARN_UNUSED_VARIABLE = YES;
				IPHONEOS_DEPLOYMENT_TARGET = 14.5;
				MTL_ENABLE_DEBUG_INFO = INCLUDE_SOURCE;
				MTL_FAST_MATH = YES;
				ONLY_ACTIVE_ARCH = YES;
				SDKROOT = iphoneos;
			};
			name = Debug;
		};
		04F698B0272D1537002557F4 /* Release */ = {
			isa = XCBuildConfiguration;
			buildSettings = {
				ALWAYS_SEARCH_USER_PATHS = NO;
				CLANG_ANALYZER_NONNULL = YES;
				CLANG_ANALYZER_NUMBER_OBJECT_CONVERSION = YES_AGGRESSIVE;
				CLANG_CXX_LANGUAGE_STANDARD = "gnu++14";
				CLANG_CXX_LIBRARY = "libc++";
				CLANG_ENABLE_MODULES = YES;
				CLANG_ENABLE_OBJC_ARC = YES;
				CLANG_ENABLE_OBJC_WEAK = YES;
				CLANG_WARN_BLOCK_CAPTURE_AUTORELEASING = YES;
				CLANG_WARN_BOOL_CONVERSION = YES;
				CLANG_WARN_COMMA = YES;
				CLANG_WARN_CONSTANT_CONVERSION = YES;
				CLANG_WARN_DEPRECATED_OBJC_IMPLEMENTATIONS = YES;
				CLANG_WARN_DIRECT_OBJC_ISA_USAGE = YES_ERROR;
				CLANG_WARN_DOCUMENTATION_COMMENTS = YES;
				CLANG_WARN_EMPTY_BODY = YES;
				CLANG_WARN_ENUM_CONVERSION = YES;
				CLANG_WARN_INFINITE_RECURSION = YES;
				CLANG_WARN_INT_CONVERSION = YES;
				CLANG_WARN_NON_LITERAL_NULL_CONVERSION = YES;
				CLANG_WARN_OBJC_IMPLICIT_RETAIN_SELF = YES;
				CLANG_WARN_OBJC_LITERAL_CONVERSION = YES;
				CLANG_WARN_OBJC_ROOT_CLASS = YES_ERROR;
				CLANG_WARN_QUOTED_INCLUDE_IN_FRAMEWORK_HEADER = YES;
				CLANG_WARN_RANGE_LOOP_ANALYSIS = YES;
				CLANG_WARN_STRICT_PROTOTYPES = YES;
				CLANG_WARN_SUSPICIOUS_MOVE = YES;
				CLANG_WARN_UNGUARDED_AVAILABILITY = YES_AGGRESSIVE;
				CLANG_WARN_UNREACHABLE_CODE = YES;
				CLANG_WARN__DUPLICATE_METHOD_MATCH = YES;
				COPY_PHASE_STRIP = NO;
				DEBUG_INFORMATION_FORMAT = "dwarf-with-dsym";
				ENABLE_NS_ASSERTIONS = NO;
				ENABLE_STRICT_OBJC_MSGSEND = YES;
				GCC_C_LANGUAGE_STANDARD = gnu11;
				GCC_NO_COMMON_BLOCKS = YES;
				GCC_WARN_64_TO_32_BIT_CONVERSION = YES;
				GCC_WARN_ABOUT_RETURN_TYPE = YES_ERROR;
				GCC_WARN_UNDECLARED_SELECTOR = YES;
				GCC_WARN_UNINITIALIZED_AUTOS = YES_AGGRESSIVE;
				GCC_WARN_UNUSED_FUNCTION = YES;
				GCC_WARN_UNUSED_VARIABLE = YES;
				IPHONEOS_DEPLOYMENT_TARGET = 14.5;
				MTL_ENABLE_DEBUG_INFO = NO;
				MTL_FAST_MATH = YES;
				SDKROOT = iphoneos;
				VALIDATE_PRODUCT = YES;
			};
			name = Release;
		};
		04F698B2272D1537002557F4 /* Debug */ = {
			isa = XCBuildConfiguration;
			baseConfigurationReference = 018D54F0B4892951CD076133 /* Pods-CHUIPropertyMaker.debug.xcconfig */;
			buildSettings = {
				ASSETCATALOG_COMPILER_APPICON_NAME = AppIcon;
				ASSETCATALOG_COMPILER_GLOBAL_ACCENT_COLOR_NAME = AccentColor;
				CODE_SIGN_STYLE = Automatic;
				DEVELOPMENT_TEAM = CKCK9S26WL;
				INFOPLIST_FILE = CHUIPropertyMaker/Info.plist;
				LD_RUNPATH_SEARCH_PATHS = (
					"$(inherited)",
					"@executable_path/Frameworks",
				);
				PRODUCT_BUNDLE_IDENTIFIER = com.thatisawesome.CHUIPropertyMaker;
				PRODUCT_NAME = "$(TARGET_NAME)";
				TARGETED_DEVICE_FAMILY = "1,2";
			};
			name = Debug;
		};
		04F698B3272D1537002557F4 /* Release */ = {
			isa = XCBuildConfiguration;
			baseConfigurationReference = 76C7F26CF76D6F5D6E7A3897 /* Pods-CHUIPropertyMaker.release.xcconfig */;
			buildSettings = {
				ASSETCATALOG_COMPILER_APPICON_NAME = AppIcon;
				ASSETCATALOG_COMPILER_GLOBAL_ACCENT_COLOR_NAME = AccentColor;
				CODE_SIGN_STYLE = Automatic;
				DEVELOPMENT_TEAM = CKCK9S26WL;
				INFOPLIST_FILE = CHUIPropertyMaker/Info.plist;
				LD_RUNPATH_SEARCH_PATHS = (
					"$(inherited)",
					"@executable_path/Frameworks",
				);
				PRODUCT_BUNDLE_IDENTIFIER = com.thatisawesome.CHUIPropertyMaker;
				PRODUCT_NAME = "$(TARGET_NAME)";
				TARGETED_DEVICE_FAMILY = "1,2";
			};
			name = Release;
		};
/* End XCBuildConfiguration section */

/* Begin XCConfigurationList section */
		04F69893272D1536002557F4 /* Build configuration list for PBXProject "CHUIPropertyMaker" */ = {
			isa = XCConfigurationList;
			buildConfigurations = (
				04F698AF272D1537002557F4 /* Debug */,
				04F698B0272D1537002557F4 /* Release */,
			);
			defaultConfigurationIsVisible = 0;
			defaultConfigurationName = Release;
		};
		04F698B1272D1537002557F4 /* Build configuration list for PBXNativeTarget "CHUIPropertyMaker" */ = {
			isa = XCConfigurationList;
			buildConfigurations = (
				04F698B2272D1537002557F4 /* Debug */,
				04F698B3272D1537002557F4 /* Release */,
			);
			defaultConfigurationIsVisible = 0;
			defaultConfigurationName = Release;
		};
/* End XCConfigurationList section */
	};
	rootObject = 04F69890272D1536002557F4 /* Project object */;
}
